
Microsoft Visual Studio Solution File, Format Version 12.00
# Visual Studio Version 16
VisualStudioVersion = 16.0.31729.503
MinimumVisualStudioVersion = 10.0.40219.1
Project("{9A19103F-16F7-4668-BE54-9A1E7A4F7556}") = "CursoCSharp", "CursoCSharp\CursoCSharp.csproj", "{D3BE399F-BB19-4C6F-8FE9-5C4AAE059ED5}"
EndProject
Project("{FAE04EC0-301F-11D3-BF4B-00C04F79EFBC}") = "Encapsulamento", "ClassLibrary2\Encapsulamento.csproj", "{4423537E-76E5-4C27-AF6D-5FDB8E7F7872}"
EndProject
Global
	GlobalSection(SolutionConfigurationPlatforms) = preSolution
		Debug|Any CPU = Debug|Any CPU
		Release|Any CPU = Release|Any CPU
	EndGlobalSection
	GlobalSection(ProjectConfigurationPlatforms) = postSolution
		{D3BE399F-BB19-4C6F-8FE9-5C4AAE059ED5}.Debug|Any CPU.ActiveCfg = Debug|Any CPU
		{D3BE399F-BB19-4C6F-8FE9-5C4AAE059ED5}.Debug|Any CPU.Build.0 = Debug|Any CPU
		{D3BE399F-BB19-4C6F-8FE9-5C4AAE059ED5}.Release|Any CPU.ActiveCfg = Release|Any CPU
		{D3BE399F-BB19-4C6F-8FE9-5C4AAE059ED5}.Release|Any CPU.Build.0 = Release|Any CPU
		{4423537E-76E5-4C27-AF6D-5FDB8E7F7872}.Debug|Any CPU.ActiveCfg = Debug|Any CPU
		{4423537E-76E5-4C27-AF6D-5FDB8E7F7872}.Debug|Any CPU.Build.0 = Debug|Any CPU
		{4423537E-76E5-4C27-AF6D-5FDB8E7F7872}.Release|Any CPU.ActiveCfg = Release|Any CPU
		{4423537E-76E5-4C27-AF6D-5FDB8E7F7872}.Release|Any CPU.Build.0 = Release|Any CPU
	EndGlobalSection
	GlobalSection(SolutionProperties) = preSolution
		HideSolutionNode = FALSE
	EndGlobalSection
	GlobalSection(ExtensibilityGlobals) = postSolution
		SolutionGuid = {05872CB0-4A1A-4AF5-BC8F-67FD7CEE3583}
	EndGlobalSection
EndGlobal
